<?xml version="1.0" encoding="utf-8"?>
<Project ToolsVersion="4.0" xmlns="http://schemas.microsoft.com/developer/msbuild/2003">
  <ItemGroup>
    <Filter Include="Core">
      <UniqueIdentifier>{460c9574-cd3f-4954-95ad-03c59b19ec00}</UniqueIdentifier>
    </Filter>
    <Filter Include="tools">
      <UniqueIdentifier>{c1843cdd-5cdb-4df6-80d7-888ba1348c7e}</UniqueIdentifier>
    </Filter>
    <Filter Include="Core\MapGen">
      <UniqueIdentifier>{c3417e14-6780-4040-8219-9b32aef22c51}</UniqueIdentifier>
    </Filter>
    <Filter Include="Core\Agents">
      <UniqueIdentifier>{ceb7abd4-d9b3-4d64-91bf-4efd67815e5a}</UniqueIdentifier>
    </Filter>
    <Filter Include="Render">
      <UniqueIdentifier>{cc0a8f1c-3e24-4f58-94d5-aaf0599aa53d}</UniqueIdentifier>
    </Filter>
    <Filter Include="Window">
      <UniqueIdentifier>{24067ff2-83f3-44f5-8544-3e03654695a9}</UniqueIdentifier>
    </Filter>
    <Filter Include="lodepng">
      <UniqueIdentifier>{a032ce15-3102-4c85-951b-897c1582c372}</UniqueIdentifier>
    </Filter>
  </ItemGroup>
  <ItemGroup>
    <ClCompile Include="FpsCounter.cpp" />
    <ClCompile Include="Game.cpp" />
    <ClCompile Include="main.cpp" />
    <ClCompile Include="Log.cpp" />
    <ClCompile Include="Core\GameObject.cpp">
      <Filter>Core</Filter>
    </ClCompile>
    <ClCompile Include="Core\Sector.cpp">
      <Filter>Core</Filter>
    </ClCompile>
    <ClCompile Include="Core\World.cpp">
      <Filter>Core</Filter>
    </ClCompile>
    <ClCompile Include="Core\MapGen\PerlinNoise.cpp">
      <Filter>Core\MapGen</Filter>
    </ClCompile>
    <ClCompile Include="Core\Player.cpp">
      <Filter>Core</Filter>
    </ClCompile>
    <ClCompile Include="Core\SectorLoader.cpp">
      <Filter>Core</Filter>
    </ClCompile>
    <ClCompile Include="Core\RenderSector.cpp">
      <Filter>Core</Filter>
    </ClCompile>
    <ClCompile Include="Core\MeshBlockGenerator.cpp">
      <Filter>Core</Filter>
    </ClCompile>
    <ClCompile Include="Core\Agent.cpp">
      <Filter>Core\Agents</Filter>
    </ClCompile>
    <ClCompile Include="Core\PositionAgent.cpp">
      <Filter>Core\Agents</Filter>
    </ClCompile>
    <ClCompile Include="Core\Creature.cpp">
      <Filter>Core</Filter>
    </ClCompile>
    <ClCompile Include="Core\StaticRenderAgent.cpp">
      <Filter>Core\Agents</Filter>
    </ClCompile>
    <ClCompile Include="Core\Block.cpp">
      <Filter>Core</Filter>
    </ClCompile>
    <ClCompile Include="Core\BlockStaticRenderAgent.cpp">
      <Filter>Core\Agents</Filter>
    </ClCompile>
    <ClCompile Include="Core\PhysicAgent.cpp">
      <Filter>Core\Agents</Filter>
    </ClCompile>
    <ClCompile Include="tools\StringIntern.cpp">
      <Filter>tools</Filter>
    </ClCompile>
    <ClCompile Include="tools\Bresenham3D.cpp">
      <Filter>tools</Filter>
    </ClCompile>
    <ClCompile Include="Core\MapGen\LevelWorker.cpp">
      <Filter>Core\MapGen</Filter>
    </ClCompile>
    <ClCompile Include="Core\DB.cpp">
      <Filter>Core</Filter>
    </ClCompile>
    <ClCompile Include="Render\Atlas.cpp">
      <Filter>Render</Filter>
    </ClCompile>
    <ClCompile Include="Render\Bitmap.cpp">
      <Filter>Render</Filter>
    </ClCompile>
    <ClCompile Include="Render\Camera.cpp">
      <Filter>Render</Filter>
    </ClCompile>
    <ClCompile Include="Render\Color.cpp">
      <Filter>Render</Filter>
    </ClCompile>
    <ClCompile Include="Render\DinamicModel.cpp">
      <Filter>Render</Filter>
    </ClCompile>
    <ClCompile Include="Render\OpenGLCall.cpp">
      <Filter>Render</Filter>
    </ClCompile>
    <ClCompile Include="Render\Render.cpp">
      <Filter>Render</Filter>
    </ClCompile>
    <ClCompile Include="Render\RenderMeshGL1.cpp">
      <Filter>Render</Filter>
    </ClCompile>
    <ClCompile Include="Render\Shader.cpp">
      <Filter>Render</Filter>
    </ClCompile>
    <ClCompile Include="Render\StaticModel.cpp">
      <Filter>Render</Filter>
    </ClCompile>
    <ClCompile Include="Render\Texture.cpp">
      <Filter>Render</Filter>
    </ClCompile>
    <ClCompile Include="Render\TextureManager.cpp">
      <Filter>Render</Filter>
    </ClCompile>
    <ClCompile Include="Window\Keyboard.cpp">
      <Filter>Window</Filter>
    </ClCompile>
    <ClCompile Include="Window\Mouse.cpp">
      <Filter>Window</Filter>
    </ClCompile>
    <ClCompile Include="Window\Window.cpp">
      <Filter>Window</Filter>
    </ClCompile>
    <ClCompile Include="lodepng\lodepng.cpp">
      <Filter>lodepng</Filter>
    </ClCompile>
  </ItemGroup>
  <ItemGroup>
    <ClInclude Include="FpsCounter.h" />
    <ClInclude Include="Game.h" />
    <ClInclude Include="Log.h" />
    <ClInclude Include="tools\StringIntern.h">
      <Filter>tools</Filter>
    </ClInclude>
    <ClInclude Include="Core\GameObject.h">
      <Filter>Core</Filter>
    </ClInclude>
    <ClInclude Include="Core\Sector.h">
      <Filter>Core</Filter>
    </ClInclude>
    <ClInclude Include="Core\World.h">
      <Filter>Core</Filter>
    </ClInclude>
    <ClInclude Include="Core\GameObjectParams.h">
      <Filter>Core</Filter>
    </ClInclude>
    <ClInclude Include="Core\MapGen\PerlinNoise.h">
      <Filter>Core\MapGen</Filter>
    </ClInclude>
    <ClInclude Include="Core\Player.h">
      <Filter>Core</Filter>
    </ClInclude>
    <ClInclude Include="Core\SectorLoader.h">
      <Filter>Core</Filter>
    </ClInclude>
    <ClInclude Include="Core\RenderSector.h">
      <Filter>Core</Filter>
    </ClInclude>
    <ClInclude Include="Core\MeshBlockGenerator.h">
      <Filter>Core</Filter>
    </ClInclude>
    <ClInclude Include="Core\Agent.h">
      <Filter>Core\Agents</Filter>
    </ClInclude>
    <ClInclude Include="Core\PositionAgent.h">
      <Filter>Core\Agents</Filter>
    </ClInclude>
    <ClInclude Include="Core\Creature.h">
      <Filter>Core</Filter>
    </ClInclude>
    <ClInclude Include="Core\StaticRenderAgent.h">
      <Filter>Core\Agents</Filter>
    </ClInclude>
    <ClInclude Include="Core\Block.h">
      <Filter>Core</Filter>
    </ClInclude>
    <ClInclude Include="Core\BlockStaticRenderAgent.h">
      <Filter>Core\Agents</Filter>
    </ClInclude>
    <ClInclude Include="Core\PhysicAgent.h">
      <Filter>Core\Agents</Filter>
    </ClInclude>
    <ClInclude Include="tools\Bresenham3D.h">
      <Filter>tools</Filter>
    </ClInclude>
    <ClInclude Include="tools\CoordSystem.h">
      <Filter>tools</Filter>
    </ClInclude>
    <ClInclude Include="Core\Config.h">
      <Filter>Core</Filter>
    </ClInclude>
    <ClInclude Include="Core\MapGen\LevelWorker.h">
      <Filter>Core\MapGen</Filter>
    </ClInclude>
    <ClInclude Include="Core\DB.h">
      <Filter>Core</Filter>
    </ClInclude>
    <ClInclude Include="Render\Atlas.h">
      <Filter>Render</Filter>
    </ClInclude>
    <ClInclude Include="Render\Bitmap.h">
      <Filter>Render</Filter>
    </ClInclude>
    <ClInclude Include="Render\Camera.h">
      <Filter>Render</Filter>
    </ClInclude>
    <ClInclude Include="Render\Color.h">
      <Filter>Render</Filter>
    </ClInclude>
    <ClInclude Include="Render\DinamicModel.h">
      <Filter>Render</Filter>
    </ClInclude>
    <ClInclude Include="Render\IRenderMeshStrategy.h">
      <Filter>Render</Filter>
    </ClInclude>
    <ClInclude Include="Render\Mesh.h">
      <Filter>Render</Filter>
    </ClInclude>
    <ClInclude Include="Render\OpenGLCall.h">
      <Filter>Render</Filter>
    </ClInclude>
    <ClInclude Include="Render\Render.h">
      <Filter>Render</Filter>
    </ClInclude>
    <ClInclude Include="Render\RenderableMesh.h">
      <Filter>Render</Filter>
    </ClInclude>
    <ClInclude Include="Render\RenderMeshGL1.h">
      <Filter>Render</Filter>
    </ClInclude>
    <ClInclude Include="Render\Shader.h">
      <Filter>Render</Filter>
    </ClInclude>
    <ClInclude Include="Render\StaticModel.h">
      <Filter>Render</Filter>
    </ClInclude>
    <ClInclude Include="Render\Texture.h">
      <Filter>Render</Filter>
    </ClInclude>
    <ClInclude Include="Render\TextureManager.h">
      <Filter>Render</Filter>
    </ClInclude>
    <ClInclude Include="Render\Vertex.h">
      <Filter>Render</Filter>
    </ClInclude>
    <ClInclude Include="Render\VertexTools.h">
      <Filter>Render</Filter>
    </ClInclude>
    <ClInclude Include="Window\Keyboard.h">
      <Filter>Window</Filter>
    </ClInclude>
    <ClInclude Include="Window\Mouse.h">
      <Filter>Window</Filter>
    </ClInclude>
    <ClInclude Include="Window\Window.h">
      <Filter>Window</Filter>
    </ClInclude>
    <ClInclude Include="lodepng\lodepng.h">
      <Filter>lodepng</Filter>
    </ClInclude>
  </ItemGroup>
</Project>