<?xml version="1.0" encoding="utf-8"?>
<Project ToolsVersion="4.0" xmlns="http://schemas.microsoft.com/developer/msbuild/2003">
  <ItemGroup>
    <Filter Include="Graphic">
      <UniqueIdentifier>{eca4cb86-9387-4261-af83-51321fe852c7}</UniqueIdentifier>
    </Filter>
    <Filter Include="Graphic\Render">
      <UniqueIdentifier>{9ed7be15-e82d-4140-87de-ea37b9e91c70}</UniqueIdentifier>
    </Filter>
    <Filter Include="Graphic\Window">
      <UniqueIdentifier>{45b94841-6599-4c91-9413-e5753e4a6c3e}</UniqueIdentifier>
    </Filter>
    <Filter Include="Core">
      <UniqueIdentifier>{460c9574-cd3f-4954-95ad-03c59b19ec00}</UniqueIdentifier>
    </Filter>
    <Filter Include="tools">
      <UniqueIdentifier>{c1843cdd-5cdb-4df6-80d7-888ba1348c7e}</UniqueIdentifier>
    </Filter>
    <Filter Include="Core\MapGen">
      <UniqueIdentifier>{c3417e14-6780-4040-8219-9b32aef22c51}</UniqueIdentifier>
    </Filter>
    <Filter Include="Core\Agents">
      <UniqueIdentifier>{ceb7abd4-d9b3-4d64-91bf-4efd67815e5a}</UniqueIdentifier>
    </Filter>
  </ItemGroup>
  <ItemGroup>
    <ClCompile Include="Graphic\RegistryGraphic.cpp">
      <Filter>Graphic</Filter>
    </ClCompile>
    <ClCompile Include="Graphic\Render\Atlas.cpp">
      <Filter>Graphic\Render</Filter>
    </ClCompile>
    <ClCompile Include="Graphic\Render\Bitmap.cpp">
      <Filter>Graphic\Render</Filter>
    </ClCompile>
    <ClCompile Include="Graphic\Render\Camera.cpp">
      <Filter>Graphic\Render</Filter>
    </ClCompile>
    <ClCompile Include="Graphic\Render\Color.cpp">
      <Filter>Graphic\Render</Filter>
    </ClCompile>
    <ClCompile Include="Graphic\Render\Render.cpp">
      <Filter>Graphic\Render</Filter>
    </ClCompile>
    <ClCompile Include="Graphic\Render\Shader.cpp">
      <Filter>Graphic\Render</Filter>
    </ClCompile>
    <ClCompile Include="Graphic\Render\Texture.cpp">
      <Filter>Graphic\Render</Filter>
    </ClCompile>
    <ClCompile Include="Graphic\Render\TextureManager.cpp">
      <Filter>Graphic\Render</Filter>
    </ClCompile>
    <ClCompile Include="Graphic\Window\Keyboard.cpp">
      <Filter>Graphic\Window</Filter>
    </ClCompile>
    <ClCompile Include="Graphic\Window\Mouse.cpp">
      <Filter>Graphic\Window</Filter>
    </ClCompile>
    <ClCompile Include="Graphic\Window\Window.cpp">
      <Filter>Graphic\Window</Filter>
    </ClCompile>
    <ClCompile Include="FpsCounter.cpp" />
    <ClCompile Include="Game.cpp" />
    <ClCompile Include="main.cpp" />
    <ClCompile Include="lodepng\lodepng.cpp">
      <Filter>Graphic\Render</Filter>
    </ClCompile>
    <ClCompile Include="Log.cpp" />
    <ClCompile Include="Graphic\Render\RenderMeshGL1.cpp">
      <Filter>Graphic\Render</Filter>
    </ClCompile>
    <ClCompile Include="Core\GameObject.cpp">
      <Filter>Core</Filter>
    </ClCompile>
    <ClCompile Include="tools\StringIntern.cpp">
      <Filter>tools</Filter>
    </ClCompile>
    <ClCompile Include="Core\Sector.cpp">
      <Filter>Core</Filter>
    </ClCompile>
    <ClCompile Include="Core\BlocksLibrary.cpp">
      <Filter>Core</Filter>
    </ClCompile>
    <ClCompile Include="Core\RegistryCore.cpp">
      <Filter>Core</Filter>
    </ClCompile>
    <ClCompile Include="Core\World.cpp">
      <Filter>Core</Filter>
    </ClCompile>
    <ClCompile Include="Core\MapGen\PerlinNoise.cpp">
      <Filter>Core\MapGen</Filter>
    </ClCompile>
    <ClCompile Include="Core\Player.cpp">
      <Filter>Core</Filter>
    </ClCompile>
    <ClCompile Include="Core\SectorLoader.cpp">
      <Filter>Core</Filter>
    </ClCompile>
    <ClCompile Include="Core\RenderSector.cpp">
      <Filter>Core</Filter>
    </ClCompile>
    <ClCompile Include="Graphic\Render\StaticModel.cpp">
      <Filter>Graphic\Render</Filter>
    </ClCompile>
    <ClCompile Include="Core\MeshBlockGenerator.cpp">
      <Filter>Core</Filter>
    </ClCompile>
    <ClCompile Include="Graphic\Render\DinamicModel.cpp">
      <Filter>Graphic\Render</Filter>
    </ClCompile>
    <ClCompile Include="Core\Agent.cpp">
      <Filter>Core\Agents</Filter>
    </ClCompile>
    <ClCompile Include="Core\PositionAgent.cpp">
      <Filter>Core\Agents</Filter>
    </ClCompile>
    <ClCompile Include="Core\Creature.cpp">
      <Filter>Core</Filter>
    </ClCompile>
    <ClCompile Include="Core\StaticRenderAgent.cpp">
      <Filter>Core\Agents</Filter>
    </ClCompile>
    <ClCompile Include="Core\Block.cpp">
      <Filter>Core</Filter>
    </ClCompile>
    <ClCompile Include="Core\BlockStaticRenderAgent.cpp">
      <Filter>Core\Agents</Filter>
    </ClCompile>
    <ClCompile Include="Core\PhysicAgent.cpp">
      <Filter>Core\Agents</Filter>
    </ClCompile>
  </ItemGroup>
  <ItemGroup>
    <ClInclude Include="Graphic\RegistryGraphic.h">
      <Filter>Graphic</Filter>
    </ClInclude>
    <ClInclude Include="Graphic\Window\Keyboard.h">
      <Filter>Graphic\Window</Filter>
    </ClInclude>
    <ClInclude Include="Graphic\Window\Mouse.h">
      <Filter>Graphic\Window</Filter>
    </ClInclude>
    <ClInclude Include="Graphic\Window\Window.h">
      <Filter>Graphic\Window</Filter>
    </ClInclude>
    <ClInclude Include="Graphic\Render\Atlas.h">
      <Filter>Graphic\Render</Filter>
    </ClInclude>
    <ClInclude Include="Graphic\Render\Bitmap.h">
      <Filter>Graphic\Render</Filter>
    </ClInclude>
    <ClInclude Include="Graphic\Render\Camera.h">
      <Filter>Graphic\Render</Filter>
    </ClInclude>
    <ClInclude Include="Graphic\Render\Color.h">
      <Filter>Graphic\Render</Filter>
    </ClInclude>
    <ClInclude Include="Graphic\Render\Render.h">
      <Filter>Graphic\Render</Filter>
    </ClInclude>
    <ClInclude Include="Graphic\Render\Shader.h">
      <Filter>Graphic\Render</Filter>
    </ClInclude>
    <ClInclude Include="Graphic\Render\Texture.h">
      <Filter>Graphic\Render</Filter>
    </ClInclude>
    <ClInclude Include="Graphic\Render\TextureManager.h">
      <Filter>Graphic\Render</Filter>
    </ClInclude>
    <ClInclude Include="FpsCounter.h" />
    <ClInclude Include="Game.h" />
    <ClInclude Include="lodepng\lodepng.h">
      <Filter>Graphic\Render</Filter>
    </ClInclude>
    <ClInclude Include="Graphic\Render\Vertex.h">
      <Filter>Graphic\Render</Filter>
    </ClInclude>
    <ClInclude Include="Graphic\Render\VertexTools.h">
      <Filter>Graphic\Render</Filter>
    </ClInclude>
    <ClInclude Include="Log.h" />
    <ClInclude Include="Graphic\Render\OpenGLCall.h">
      <Filter>Graphic\Render</Filter>
    </ClInclude>
    <ClInclude Include="Graphic\Render\Mesh.h">
      <Filter>Graphic\Render</Filter>
    </ClInclude>
    <ClInclude Include="Graphic\Render\RenderMeshGL1.h">
      <Filter>Graphic\Render</Filter>
    </ClInclude>
    <ClInclude Include="tools\StringIntern.h">
      <Filter>tools</Filter>
    </ClInclude>
    <ClInclude Include="Core\GameObject.h">
      <Filter>Core</Filter>
    </ClInclude>
    <ClInclude Include="Core\Sector.h">
      <Filter>Core</Filter>
    </ClInclude>
    <ClInclude Include="Core\BlocksLibrary.h">
      <Filter>Core</Filter>
    </ClInclude>
    <ClInclude Include="Core\RegistryCore.h">
      <Filter>Core</Filter>
    </ClInclude>
    <ClInclude Include="Core\World.h">
      <Filter>Core</Filter>
    </ClInclude>
    <ClInclude Include="Core\GameObjectParams.h">
      <Filter>Core</Filter>
    </ClInclude>
    <ClInclude Include="Core\MapGen\PerlinNoise.h">
      <Filter>Core\MapGen</Filter>
    </ClInclude>
    <ClInclude Include="Core\Player.h">
      <Filter>Core</Filter>
    </ClInclude>
    <ClInclude Include="Core\SectorLoader.h">
      <Filter>Core</Filter>
    </ClInclude>
    <ClInclude Include="Core\RenderSector.h">
      <Filter>Core</Filter>
    </ClInclude>
    <ClInclude Include="Graphic\Render\IRenderMeshStrategy.h">
      <Filter>Graphic\Render</Filter>
    </ClInclude>
    <ClInclude Include="Graphic\Render\RenderableMesh.h">
      <Filter>Graphic\Render</Filter>
    </ClInclude>
    <ClInclude Include="Graphic\Render\StaticModel.h">
      <Filter>Graphic\Render</Filter>
    </ClInclude>
    <ClInclude Include="Core\MeshBlockGenerator.h">
      <Filter>Core</Filter>
    </ClInclude>
    <ClInclude Include="Graphic\Render\DinamicModel.h">
      <Filter>Graphic\Render</Filter>
    </ClInclude>
    <ClInclude Include="Core\Agent.h">
      <Filter>Core\Agents</Filter>
    </ClInclude>
    <ClInclude Include="Core\PositionAgent.h">
      <Filter>Core\Agents</Filter>
    </ClInclude>
    <ClInclude Include="Core\Creature.h">
      <Filter>Core</Filter>
    </ClInclude>
    <ClInclude Include="Core\agent_cast.h">
      <Filter>Core\Agents</Filter>
    </ClInclude>
    <ClInclude Include="Core\StaticRenderAgent.h">
      <Filter>Core\Agents</Filter>
    </ClInclude>
    <ClInclude Include="Core\Block.h">
      <Filter>Core</Filter>
    </ClInclude>
    <ClInclude Include="Core\BlockStaticRenderAgent.h">
      <Filter>Core\Agents</Filter>
    </ClInclude>
    <ClInclude Include="Core\PhysicAgent.h">
      <Filter>Core\Agents</Filter>
    </ClInclude>
  </ItemGroup>
</Project>